<?xml version="1.0" encoding="utf-8"?>
<Project ToolsVersion="16.0" xmlns="http://schemas.microsoft.com/developer/msbuild/2003">
  <ItemGroup>
    <CustomBuild Include="C:\Dev\beast_vs_hunters\build_win\CMakeFiles\13ceb3909fa4ec763b78cec764b2069d\SYNC_RESOURCE-beast_vs_hunters.rule">
      <Filter>CMake Rules</Filter>
    </CustomBuild>
    <CustomBuild Include="C:\Dev\beast_vs_hunters\CMakeLists.txt" />
  </ItemGroup>
  <ItemGroup>
    <None Include="C:\Dev\beast_vs_hunters\build_win\CMakeFiles\SYNC_RESOURCE-beast_vs_hunters" />
  </ItemGroup>
  <ItemGroup>
    <Filter Include="CMake Rules">
      <UniqueIdentifier>{DC068F79-D563-39EF-BA61-C227A6752A9D}</UniqueIdentifier>
    </Filter>
  </ItemGroup>
</Project>
